
Microsoft Visual Studio Solution File, Format Version 10.00
# Visual Studio 2008
Project("{8BC9CEB8-8B4A-11D0-8D11-00A0C91BC942}") = "oversampler", "oversampler.vcproj", "{B3231235-168A-4AFB-AE27-C4E8DF891960}"
EndProject
Global
	GlobalSection(SolutionConfigurationPlatforms) = preSolution
		Debug|Win32 = Debug|Win32
		Log Release|Win32 = Log Release|Win32
		Release|Win32 = Release|Win32
	EndGlobalSection
	GlobalSection(ProjectConfigurationPlatforms) = postSolution
		{B3231235-168A-4AFB-AE27-C4E8DF891960}.Debug|Win32.ActiveCfg = Debug|Win32
		{B3231235-168A-4AFB-AE27-C4E8DF891960}.Debug|Win32.Build.0 = Debug|Win32
		{B3231235-168A-4AFB-AE27-C4E8DF891960}.Log Release|Win32.ActiveCfg = Log Release|Win32
		{B3231235-168A-4AFB-AE27-C4E8DF891960}.Log Release|Win32.Build.0 = Log Release|Win32
		{B3231235-168A-4AFB-AE27-C4E8DF891960}.Release|Win32.ActiveCfg = Release|Win32
		{B3231235-168A-4AFB-AE27-C4E8DF891960}.Release|Win32.Build.0 = Release|Win32
	EndGlobalSection
	GlobalSection(SolutionProperties) = preSolution
		HideSolutionNode = FALSE
	EndGlobalSection
EndGlobal
